
Microsoft Visual Studio Solution File, Format Version 12.00
# Visual Studio Version 16
VisualStudioVersion = 16.0.29926.136
MinimumVisualStudioVersion = 10.0.40219.1
Project("{FAE04EC0-301F-11D3-BF4B-00C04F79EFBC}") = "FeatureFlagDemo", "FeatureFlagDemo\FeatureFlagDemo.csproj", "{66C344F8-C63B-460B-BEBC-3052BC92304D}"
EndProject
Project("{FAE04EC0-301F-11D3-BF4B-00C04F79EFBC}") = "Logic", "Logic\Logic.csproj", "{BE78102C-1760-4C2F-823E-1997ABC5C7BB}"
EndProject
Global
	GlobalSection(SolutionConfigurationPlatforms) = preSolution
		Debug|Any CPU = Debug|Any CPU
		Release|Any CPU = Release|Any CPU
	EndGlobalSection
	GlobalSection(ProjectConfigurationPlatforms) = postSolution
		{66C344F8-C63B-460B-BEBC-3052BC92304D}.Debug|Any CPU.ActiveCfg = Debug|Any CPU
		{66C344F8-C63B-460B-BEBC-3052BC92304D}.Debug|Any CPU.Build.0 = Debug|Any CPU
		{66C344F8-C63B-460B-BEBC-3052BC92304D}.Release|Any CPU.ActiveCfg = Release|Any CPU
		{66C344F8-C63B-460B-BEBC-3052BC92304D}.Release|Any CPU.Build.0 = Release|Any CPU
		{BE78102C-1760-4C2F-823E-1997ABC5C7BB}.Debug|Any CPU.ActiveCfg = Debug|Any CPU
		{BE78102C-1760-4C2F-823E-1997ABC5C7BB}.Debug|Any CPU.Build.0 = Debug|Any CPU
		{BE78102C-1760-4C2F-823E-1997ABC5C7BB}.Release|Any CPU.ActiveCfg = Release|Any CPU
		{BE78102C-1760-4C2F-823E-1997ABC5C7BB}.Release|Any CPU.Build.0 = Release|Any CPU
	EndGlobalSection
	GlobalSection(SolutionProperties) = preSolution
		HideSolutionNode = FALSE
	EndGlobalSection
	GlobalSection(ExtensibilityGlobals) = postSolution
		SolutionGuid = {4C619809-E224-4ABB-AE18-5CFC0AFEBCFA}
	EndGlobalSection
EndGlobal
